<?xml version="1.0" encoding="utf-8"?>
<Project ToolsVersion="4.0" xmlns="http://schemas.microsoft.com/developer/msbuild/2003">
  <ItemGroup>
    <Filter Include="headers">
      <UniqueIdentifier>{0839a5aa-d2d3-488e-b6e8-0c5ae463d5d7}</UniqueIdentifier>
    </Filter>
    <Filter Include="sources">
      <UniqueIdentifier>{55c69af3-bf60-460e-8517-04cb1f5beb09}</UniqueIdentifier>
    </Filter>
  </ItemGroup>
  <ItemGroup>
    <ClInclude Include="..\libwavformat\libwaveformat.h">
      <Filter>headers</Filter>
    </ClInclude>
  </ItemGroup>
  <ItemGroup>
    <ClCompile Include="..\libwavformat\input.c">
      <Filter>sources</Filter>
    </ClCompile>
    <ClCompile Include="..\libwavformat\output.c">
      <Filter>sources</Filter>
    </ClCompile>
  </ItemGroup>
</Project>