<?xml version="1.0" encoding="utf-8"?>
<Project ToolsVersion="4.0" xmlns="http://schemas.microsoft.com/developer/msbuild/2003">
  <ItemGroup>
    <Filter Include="sources">
      <UniqueIdentifier>{07411af6-5264-45d4-bc02-89b4a7054318}</UniqueIdentifier>
    </Filter>
  </ItemGroup>
  <ItemGroup>
    <ClCompile Include="..\mpcdec\mpcdec.c">
      <Filter>sources</Filter>
    </ClCompile>
  </ItemGroup>
</Project>